
Microsoft Visual Studio Solution File, Format Version 12.00
# Visual Studio Version 16
VisualStudioVersion = 16.0.29728.190
MinimumVisualStudioVersion = 10.0.40219.1
Project("{FAE04EC0-301F-11D3-BF4B-00C04F79EFBC}") = "AsphaltStairsAddon", "AsphaltStairsAddon\AsphaltStairsAddon.csproj", "{5CD48342-8FAF-4DE7-9CB6-7424759DAC0F}"
EndProject
Project("{FAE04EC0-301F-11D3-BF4B-00C04F79EFBC}") = "Asphalt", "Asphalt\Asphalt.csproj", "{C37808F8-A8BE-461D-99F1-8F563C511755}"
EndProject
Project("{FAE04EC0-301F-11D3-BF4B-00C04F79EFBC}") = "Slag", "Slag\Slag.csproj", "{212DC976-2B0E-4C87-A84C-58C00BC38C16}"
EndProject
Project("{FAE04EC0-301F-11D3-BF4B-00C04F79EFBC}") = "Curtain", "Curtain\Curtain.csproj", "{A13D7E74-C518-45BC-AC6F-C249E543E822}"
EndProject
Project("{FAE04EC0-301F-11D3-BF4B-00C04F79EFBC}") = "InteriorDecorationVolI", "InteriorDecorationVolI\InteriorDecorationVolI.csproj", "{5133B5C4-C0F7-491A-9D96-500EADF44092}"
EndProject
Project("{FAE04EC0-301F-11D3-BF4B-00C04F79EFBC}") = "Dowsing", "Dowsing\Dowsing.csproj", "{AC9E94E6-1B8A-4908-ADCB-8BB3E08BB33D}"
EndProject
Project("{2150E333-8FDC-42A3-9474-1A3956D46DE8}") = "Solution Items", "Solution Items", "{F360AC6D-8174-4A84-8F4B-E74ABBB987DD}"
	ProjectSection(SolutionItems) = preProject
		.editorconfig = .editorconfig
	EndProjectSection
EndProject
Project("{FAE04EC0-301F-11D3-BF4B-00C04F79EFBC}") = "Entropea", "Entropea\Entropea.csproj", "{757E6FC7-44F5-4854-BFED-B782CB962507}"
EndProject
Project("{FAE04EC0-301F-11D3-BF4B-00C04F79EFBC}") = "SpookyPumpkin", "SpookyPumpkin\SpookyPumpkin.csproj", "{A577FF20-F453-408B-B003-CCF4E5084B4B}"
EndProject
Project("{FAE04EC0-301F-11D3-BF4B-00C04F79EFBC}") = "Bomb", "Bomb\Bomb.csproj", "{AE842DBF-DB94-46A4-A994-D86A3EB266A9}"
EndProject
Project("{FAE04EC0-301F-11D3-BF4B-00C04F79EFBC}") = "WorldTraitsPlus", "WorldTraitsPlus\WorldTraitsPlus.csproj", "{F0180BE9-487E-4A4A-8A1B-9C7246EE3202}"
EndProject
Project("{FAE04EC0-301F-11D3-BF4B-00C04F79EFBC}") = "WorldScrambler", "WorldScrambler\WorldScrambler.csproj", "{45BC4254-27DD-424F-B1CF-1D0B90656AB0}"
EndProject
Project("{FAE04EC0-301F-11D3-BF4B-00C04F79EFBC}") = "SmartTrashBin", "SmartTrashBin\SmartTrashBin.csproj", "{12092E10-6B9E-450D-B352-C01EFEBD8921}"
EndProject
Project("{FAE04EC0-301F-11D3-BF4B-00C04F79EFBC}") = "TestObject", "TestObject\TestObject.csproj", "{56E642BC-CDA3-49ED-99DF-5E73CA132860}"
EndProject
Project("{FAE04EC0-301F-11D3-BF4B-00C04F79EFBC}") = "FUtility", "Futility\FUtility.csproj", "{B6C27A46-6C97-42F2-B972-105DF1709FDE}"
EndProject
Project("{FAE04EC0-301F-11D3-BF4B-00C04F79EFBC}") = "ONI Mod Template", "ONI Mod Template\ONI Mod Template.csproj", "{CC44D96F-91D7-41B9-A049-EBD3D49751B8}"
EndProject
Global
	GlobalSection(SolutionConfigurationPlatforms) = preSolution
		Debug|Any CPU = Debug|Any CPU
		Release|Any CPU = Release|Any CPU
	EndGlobalSection
	GlobalSection(ProjectConfigurationPlatforms) = postSolution
		{5CD48342-8FAF-4DE7-9CB6-7424759DAC0F}.Debug|Any CPU.ActiveCfg = Debug|Any CPU
		{5CD48342-8FAF-4DE7-9CB6-7424759DAC0F}.Debug|Any CPU.Build.0 = Debug|Any CPU
		{5CD48342-8FAF-4DE7-9CB6-7424759DAC0F}.Release|Any CPU.ActiveCfg = Release|Any CPU
		{5CD48342-8FAF-4DE7-9CB6-7424759DAC0F}.Release|Any CPU.Build.0 = Release|Any CPU
		{C37808F8-A8BE-461D-99F1-8F563C511755}.Debug|Any CPU.ActiveCfg = Debug|Any CPU
		{C37808F8-A8BE-461D-99F1-8F563C511755}.Debug|Any CPU.Build.0 = Debug|Any CPU
		{C37808F8-A8BE-461D-99F1-8F563C511755}.Release|Any CPU.ActiveCfg = Release|Any CPU
		{C37808F8-A8BE-461D-99F1-8F563C511755}.Release|Any CPU.Build.0 = Release|Any CPU
		{212DC976-2B0E-4C87-A84C-58C00BC38C16}.Debug|Any CPU.ActiveCfg = Debug|Any CPU
		{212DC976-2B0E-4C87-A84C-58C00BC38C16}.Debug|Any CPU.Build.0 = Debug|Any CPU
		{212DC976-2B0E-4C87-A84C-58C00BC38C16}.Release|Any CPU.ActiveCfg = Release|Any CPU
		{212DC976-2B0E-4C87-A84C-58C00BC38C16}.Release|Any CPU.Build.0 = Release|Any CPU
		{A13D7E74-C518-45BC-AC6F-C249E543E822}.Debug|Any CPU.ActiveCfg = Debug|Any CPU
		{A13D7E74-C518-45BC-AC6F-C249E543E822}.Debug|Any CPU.Build.0 = Debug|Any CPU
		{A13D7E74-C518-45BC-AC6F-C249E543E822}.Release|Any CPU.ActiveCfg = Release|Any CPU
		{A13D7E74-C518-45BC-AC6F-C249E543E822}.Release|Any CPU.Build.0 = Release|Any CPU
		{5133B5C4-C0F7-491A-9D96-500EADF44092}.Debug|Any CPU.ActiveCfg = Debug|Any CPU
		{5133B5C4-C0F7-491A-9D96-500EADF44092}.Debug|Any CPU.Build.0 = Debug|Any CPU
		{5133B5C4-C0F7-491A-9D96-500EADF44092}.Release|Any CPU.ActiveCfg = Release|Any CPU
		{5133B5C4-C0F7-491A-9D96-500EADF44092}.Release|Any CPU.Build.0 = Release|Any CPU
		{AC9E94E6-1B8A-4908-ADCB-8BB3E08BB33D}.Debug|Any CPU.ActiveCfg = Debug|Any CPU
		{AC9E94E6-1B8A-4908-ADCB-8BB3E08BB33D}.Debug|Any CPU.Build.0 = Debug|Any CPU
		{AC9E94E6-1B8A-4908-ADCB-8BB3E08BB33D}.Release|Any CPU.ActiveCfg = Release|Any CPU
		{AC9E94E6-1B8A-4908-ADCB-8BB3E08BB33D}.Release|Any CPU.Build.0 = Release|Any CPU
		{757E6FC7-44F5-4854-BFED-B782CB962507}.Debug|Any CPU.ActiveCfg = Debug|Any CPU
		{757E6FC7-44F5-4854-BFED-B782CB962507}.Debug|Any CPU.Build.0 = Debug|Any CPU
		{757E6FC7-44F5-4854-BFED-B782CB962507}.Release|Any CPU.ActiveCfg = Release|Any CPU
		{757E6FC7-44F5-4854-BFED-B782CB962507}.Release|Any CPU.Build.0 = Release|Any CPU
		{A577FF20-F453-408B-B003-CCF4E5084B4B}.Debug|Any CPU.ActiveCfg = Debug|Any CPU
		{A577FF20-F453-408B-B003-CCF4E5084B4B}.Debug|Any CPU.Build.0 = Debug|Any CPU
		{A577FF20-F453-408B-B003-CCF4E5084B4B}.Release|Any CPU.ActiveCfg = Release|Any CPU
		{A577FF20-F453-408B-B003-CCF4E5084B4B}.Release|Any CPU.Build.0 = Release|Any CPU
		{AE842DBF-DB94-46A4-A994-D86A3EB266A9}.Debug|Any CPU.ActiveCfg = Debug|Any CPU
		{AE842DBF-DB94-46A4-A994-D86A3EB266A9}.Debug|Any CPU.Build.0 = Debug|Any CPU
		{AE842DBF-DB94-46A4-A994-D86A3EB266A9}.Release|Any CPU.ActiveCfg = Release|Any CPU
		{AE842DBF-DB94-46A4-A994-D86A3EB266A9}.Release|Any CPU.Build.0 = Release|Any CPU
		{F0180BE9-487E-4A4A-8A1B-9C7246EE3202}.Debug|Any CPU.ActiveCfg = Debug|Any CPU
		{F0180BE9-487E-4A4A-8A1B-9C7246EE3202}.Debug|Any CPU.Build.0 = Debug|Any CPU
		{F0180BE9-487E-4A4A-8A1B-9C7246EE3202}.Release|Any CPU.ActiveCfg = Release|Any CPU
		{F0180BE9-487E-4A4A-8A1B-9C7246EE3202}.Release|Any CPU.Build.0 = Release|Any CPU
		{45BC4254-27DD-424F-B1CF-1D0B90656AB0}.Debug|Any CPU.ActiveCfg = Debug|Any CPU
		{45BC4254-27DD-424F-B1CF-1D0B90656AB0}.Debug|Any CPU.Build.0 = Debug|Any CPU
		{45BC4254-27DD-424F-B1CF-1D0B90656AB0}.Release|Any CPU.ActiveCfg = Release|Any CPU
		{45BC4254-27DD-424F-B1CF-1D0B90656AB0}.Release|Any CPU.Build.0 = Release|Any CPU
		{12092E10-6B9E-450D-B352-C01EFEBD8921}.Debug|Any CPU.ActiveCfg = Debug|Any CPU
		{12092E10-6B9E-450D-B352-C01EFEBD8921}.Debug|Any CPU.Build.0 = Debug|Any CPU
		{12092E10-6B9E-450D-B352-C01EFEBD8921}.Release|Any CPU.ActiveCfg = Release|Any CPU
		{12092E10-6B9E-450D-B352-C01EFEBD8921}.Release|Any CPU.Build.0 = Release|Any CPU
		{56E642BC-CDA3-49ED-99DF-5E73CA132860}.Debug|Any CPU.ActiveCfg = Debug|Any CPU
		{56E642BC-CDA3-49ED-99DF-5E73CA132860}.Debug|Any CPU.Build.0 = Debug|Any CPU
		{56E642BC-CDA3-49ED-99DF-5E73CA132860}.Release|Any CPU.ActiveCfg = Release|Any CPU
		{56E642BC-CDA3-49ED-99DF-5E73CA132860}.Release|Any CPU.Build.0 = Release|Any CPU
		{B6C27A46-6C97-42F2-B972-105DF1709FDE}.Debug|Any CPU.ActiveCfg = Debug|Any CPU
		{B6C27A46-6C97-42F2-B972-105DF1709FDE}.Debug|Any CPU.Build.0 = Debug|Any CPU
		{B6C27A46-6C97-42F2-B972-105DF1709FDE}.Release|Any CPU.ActiveCfg = Release|Any CPU
		{B6C27A46-6C97-42F2-B972-105DF1709FDE}.Release|Any CPU.Build.0 = Release|Any CPU
		{CC44D96F-91D7-41B9-A049-EBD3D49751B8}.Debug|Any CPU.ActiveCfg = Debug|Any CPU
		{CC44D96F-91D7-41B9-A049-EBD3D49751B8}.Debug|Any CPU.Build.0 = Debug|Any CPU
		{CC44D96F-91D7-41B9-A049-EBD3D49751B8}.Release|Any CPU.ActiveCfg = Release|Any CPU
		{CC44D96F-91D7-41B9-A049-EBD3D49751B8}.Release|Any CPU.Build.0 = Release|Any CPU
	EndGlobalSection
	GlobalSection(SolutionProperties) = preSolution
		HideSolutionNode = FALSE
	EndGlobalSection
	GlobalSection(ExtensibilityGlobals) = postSolution
		SolutionGuid = {433E97C8-02F9-4A0E-B42E-54A4CE2EA2A6}
	EndGlobalSection
EndGlobal
