
Microsoft Visual Studio Solution File, Format Version 12.00
# Visual Studio Version 17
VisualStudioVersion = 17.0.31912.275
MinimumVisualStudioVersion = 10.0.40219.1
Project("{2150E333-8FDC-42A3-9474-1A3956D46DE8}") = "Solution Items", "Solution Items", "{F360AC6D-8174-4A84-8F4B-E74ABBB987DD}"
	ProjectSection(SolutionItems) = preProject
		.editorconfig = .editorconfig
		Directory.Build.props = Directory.Build.props
		Directory.Build.targets = Directory.Build.targets
	EndProjectSection
EndProject
Project("{9A19103F-16F7-4668-BE54-9A1E7A4F7556}") = "DecorPackA", "DecorPackA\DecorPackA.csproj", "{0FEAE6CB-E861-4AD3-94A5-E552EC42951E}"
EndProject
Project("{9A19103F-16F7-4668-BE54-9A1E7A4F7556}") = "FUtility", "FUtility\FUtility.csproj", "{2D9AF67B-0570-4694-B8FC-4AF3715B1076}"
EndProject
Project("{9A19103F-16F7-4668-BE54-9A1E7A4F7556}") = "Asphalt", "Asphalt\Asphalt.csproj", "{99DE0D46-901B-4605-88AF-220A143697E7}"
EndProject
Project("{9A19103F-16F7-4668-BE54-9A1E7A4F7556}") = "SolidWaterPump", "SolidWaterPump\SolidWaterPump.csproj", "{A01F367D-A94E-4B94-9A16-A38024246197}"
EndProject
Project("{9A19103F-16F7-4668-BE54-9A1E7A4F7556}") = "MoreMarbleSculptures", "MoreMarbleSculptures\MoreMarbleSculptures.csproj", "{BF6FE04E-63D5-4A45-AB76-56034B992E8C}"
EndProject
Project("{2150E333-8FDC-42A3-9474-1A3956D46DE8}") = "lib", "lib", "{76AB9509-F182-4B33-936B-526F97F785E6}"
EndProject
Project("{FAE04EC0-301F-11D3-BF4B-00C04F79EFBC}") = "FUtilityArt", "FUtilityArt\FUtilityArt.csproj", "{612DCB02-5FD4-4947-9A35-603DEF977D6D}"
EndProject
Global
	GlobalSection(SolutionConfigurationPlatforms) = preSolution
		Debug|Any CPU = Debug|Any CPU
		Release|Any CPU = Release|Any CPU
	EndGlobalSection
	GlobalSection(ProjectConfigurationPlatforms) = postSolution
		{0FEAE6CB-E861-4AD3-94A5-E552EC42951E}.Debug|Any CPU.ActiveCfg = Debug|Any CPU
		{0FEAE6CB-E861-4AD3-94A5-E552EC42951E}.Debug|Any CPU.Build.0 = Debug|Any CPU
		{0FEAE6CB-E861-4AD3-94A5-E552EC42951E}.Release|Any CPU.ActiveCfg = Debug|Any CPU
		{0FEAE6CB-E861-4AD3-94A5-E552EC42951E}.Release|Any CPU.Build.0 = Debug|Any CPU
		{2D9AF67B-0570-4694-B8FC-4AF3715B1076}.Debug|Any CPU.ActiveCfg = Debug|Any CPU
		{2D9AF67B-0570-4694-B8FC-4AF3715B1076}.Debug|Any CPU.Build.0 = Debug|Any CPU
		{2D9AF67B-0570-4694-B8FC-4AF3715B1076}.Release|Any CPU.ActiveCfg = Release|Any CPU
		{2D9AF67B-0570-4694-B8FC-4AF3715B1076}.Release|Any CPU.Build.0 = Release|Any CPU
		{99DE0D46-901B-4605-88AF-220A143697E7}.Debug|Any CPU.ActiveCfg = Debug|Any CPU
		{99DE0D46-901B-4605-88AF-220A143697E7}.Debug|Any CPU.Build.0 = Debug|Any CPU
		{99DE0D46-901B-4605-88AF-220A143697E7}.Release|Any CPU.ActiveCfg = Debug|Any CPU
		{99DE0D46-901B-4605-88AF-220A143697E7}.Release|Any CPU.Build.0 = Debug|Any CPU
		{A01F367D-A94E-4B94-9A16-A38024246197}.Debug|Any CPU.ActiveCfg = Debug|Any CPU
		{A01F367D-A94E-4B94-9A16-A38024246197}.Debug|Any CPU.Build.0 = Debug|Any CPU
		{A01F367D-A94E-4B94-9A16-A38024246197}.Release|Any CPU.ActiveCfg = Release|Any CPU
		{A01F367D-A94E-4B94-9A16-A38024246197}.Release|Any CPU.Build.0 = Release|Any CPU
		{BF6FE04E-63D5-4A45-AB76-56034B992E8C}.Debug|Any CPU.ActiveCfg = Debug|Any CPU
		{BF6FE04E-63D5-4A45-AB76-56034B992E8C}.Debug|Any CPU.Build.0 = Debug|Any CPU
		{BF6FE04E-63D5-4A45-AB76-56034B992E8C}.Release|Any CPU.ActiveCfg = Debug|Any CPU
		{BF6FE04E-63D5-4A45-AB76-56034B992E8C}.Release|Any CPU.Build.0 = Debug|Any CPU
		{612DCB02-5FD4-4947-9A35-603DEF977D6D}.Debug|Any CPU.ActiveCfg = Debug|Any CPU
		{612DCB02-5FD4-4947-9A35-603DEF977D6D}.Debug|Any CPU.Build.0 = Debug|Any CPU
		{612DCB02-5FD4-4947-9A35-603DEF977D6D}.Release|Any CPU.ActiveCfg = Release|Any CPU
		{612DCB02-5FD4-4947-9A35-603DEF977D6D}.Release|Any CPU.Build.0 = Release|Any CPU
	EndGlobalSection
	GlobalSection(SolutionProperties) = preSolution
		HideSolutionNode = FALSE
	EndGlobalSection
	GlobalSection(NestedProjects) = preSolution
		{2D9AF67B-0570-4694-B8FC-4AF3715B1076} = {76AB9509-F182-4B33-936B-526F97F785E6}
		{612DCB02-5FD4-4947-9A35-603DEF977D6D} = {76AB9509-F182-4B33-936B-526F97F785E6}
	EndGlobalSection
	GlobalSection(ExtensibilityGlobals) = postSolution
		SolutionGuid = {433E97C8-02F9-4A0E-B42E-54A4CE2EA2A6}
	EndGlobalSection
EndGlobal
