
Microsoft Visual Studio Solution File, Format Version 12.00
# Visual Studio Version 16
VisualStudioVersion = 16.0.29728.190
MinimumVisualStudioVersion = 10.0.40219.1
Project("{FAE04EC0-301F-11D3-BF4B-00C04F79EFBC}") = "AsphaltStairsAddon", "AsphaltStairsAddon\AsphaltStairsAddon.csproj", "{5CD48342-8FAF-4DE7-9CB6-7424759DAC0F}"
EndProject
Project("{FAE04EC0-301F-11D3-BF4B-00C04F79EFBC}") = "Slag", "Slag\Slag.csproj", "{212DC976-2B0E-4C87-A84C-58C00BC38C16}"
EndProject
Project("{FAE04EC0-301F-11D3-BF4B-00C04F79EFBC}") = "Curtain", "Curtain\Curtain.csproj", "{A13D7E74-C518-45BC-AC6F-C249E543E822}"
EndProject
Project("{2150E333-8FDC-42A3-9474-1A3956D46DE8}") = "Solution Items", "Solution Items", "{F360AC6D-8174-4A84-8F4B-E74ABBB987DD}"
	ProjectSection(SolutionItems) = preProject
		.editorconfig = .editorconfig
		Directory.Build.props = Directory.Build.props
		Directory.Build.targets = Directory.Build.targets
	EndProjectSection
EndProject
Project("{FAE04EC0-301F-11D3-BF4B-00C04F79EFBC}") = "Bomb", "Bomb\Bomb.csproj", "{AE842DBF-DB94-46A4-A994-D86A3EB266A9}"
EndProject
Project("{FAE04EC0-301F-11D3-BF4B-00C04F79EFBC}") = "TransparentAluminiumTile", "TransparentAluminiumTile\TransparentAluminiumTile.csproj", "{474A273F-3813-4BC1-9598-2DA4941203F2}"
EndProject
Project("{FAE04EC0-301F-11D3-BF4B-00C04F79EFBC}") = "Asphalt", "Asphalt\Asphalt.csproj", "{8943C9A5-AD3B-4B8A-9776-2A1F0A837B45}"
EndProject
Project("{FAE04EC0-301F-11D3-BF4B-00C04F79EFBC}") = "Rock Grinder", "Rock Grinder\Rock Grinder.csproj", "{0649EB20-F89E-45D2-9A2D-00EDA3814A92}"
EndProject
Project("{FAE04EC0-301F-11D3-BF4B-00C04F79EFBC}") = "SpookyPumpkinSO", "SpookyPumpkinSO\SpookyPumpkinSO.csproj", "{EC995B9B-095B-408E-A89D-BD9465011D09}"
EndProject
Project("{FAE04EC0-301F-11D3-BF4B-00C04F79EFBC}") = "DecorPackA", "DecorPackA\DecorPackA.csproj", "{0FEAE6CB-E861-4AD3-94A5-E552EC42951E}"
EndProject
Project("{9A19103F-16F7-4668-BE54-9A1E7A4F7556}") = "DragMe", "DragMe\DragMe.csproj", "{40B5AAE6-7602-4D67-92C4-FCF8B6668C36}"
EndProject
Project("{9A19103F-16F7-4668-BE54-9A1E7A4F7556}") = "TwelveCyclesOfChristmas", "TwelveCyclesOfChristmas\TwelveCyclesOfChristmas.csproj", "{12997F86-22F9-4D65-B018-D3A10AA5CDC1}"
EndProject
Project("{FAE04EC0-301F-11D3-BF4B-00C04F79EFBC}") = "FUtility", "FUtility\FUtility.csproj", "{2D9AF67B-0570-4694-B8FC-4AF3715B1076}"
EndProject
Global
	GlobalSection(SolutionConfigurationPlatforms) = preSolution
		Debug|Any CPU = Debug|Any CPU
		Release|Any CPU = Release|Any CPU
	EndGlobalSection
	GlobalSection(ProjectConfigurationPlatforms) = postSolution
		{5CD48342-8FAF-4DE7-9CB6-7424759DAC0F}.Debug|Any CPU.ActiveCfg = Debug|Any CPU
		{5CD48342-8FAF-4DE7-9CB6-7424759DAC0F}.Debug|Any CPU.Build.0 = Debug|Any CPU
		{5CD48342-8FAF-4DE7-9CB6-7424759DAC0F}.Release|Any CPU.ActiveCfg = Release|Any CPU
		{5CD48342-8FAF-4DE7-9CB6-7424759DAC0F}.Release|Any CPU.Build.0 = Release|Any CPU
		{212DC976-2B0E-4C87-A84C-58C00BC38C16}.Debug|Any CPU.ActiveCfg = Debug|Any CPU
		{212DC976-2B0E-4C87-A84C-58C00BC38C16}.Debug|Any CPU.Build.0 = Debug|Any CPU
		{212DC976-2B0E-4C87-A84C-58C00BC38C16}.Release|Any CPU.ActiveCfg = Release|Any CPU
		{212DC976-2B0E-4C87-A84C-58C00BC38C16}.Release|Any CPU.Build.0 = Release|Any CPU
		{A13D7E74-C518-45BC-AC6F-C249E543E822}.Debug|Any CPU.ActiveCfg = Debug|Any CPU
		{A13D7E74-C518-45BC-AC6F-C249E543E822}.Debug|Any CPU.Build.0 = Debug|Any CPU
		{A13D7E74-C518-45BC-AC6F-C249E543E822}.Release|Any CPU.ActiveCfg = Release|Any CPU
		{A13D7E74-C518-45BC-AC6F-C249E543E822}.Release|Any CPU.Build.0 = Release|Any CPU
		{AE842DBF-DB94-46A4-A994-D86A3EB266A9}.Debug|Any CPU.ActiveCfg = Debug|Any CPU
		{AE842DBF-DB94-46A4-A994-D86A3EB266A9}.Debug|Any CPU.Build.0 = Debug|Any CPU
		{AE842DBF-DB94-46A4-A994-D86A3EB266A9}.Release|Any CPU.ActiveCfg = Release|Any CPU
		{AE842DBF-DB94-46A4-A994-D86A3EB266A9}.Release|Any CPU.Build.0 = Release|Any CPU
		{474A273F-3813-4BC1-9598-2DA4941203F2}.Debug|Any CPU.ActiveCfg = Debug|Any CPU
		{474A273F-3813-4BC1-9598-2DA4941203F2}.Debug|Any CPU.Build.0 = Debug|Any CPU
		{474A273F-3813-4BC1-9598-2DA4941203F2}.Release|Any CPU.ActiveCfg = Release|Any CPU
		{474A273F-3813-4BC1-9598-2DA4941203F2}.Release|Any CPU.Build.0 = Release|Any CPU
		{8943C9A5-AD3B-4B8A-9776-2A1F0A837B45}.Debug|Any CPU.ActiveCfg = Debug|Any CPU
		{8943C9A5-AD3B-4B8A-9776-2A1F0A837B45}.Debug|Any CPU.Build.0 = Debug|Any CPU
		{8943C9A5-AD3B-4B8A-9776-2A1F0A837B45}.Release|Any CPU.ActiveCfg = Release|Any CPU
		{8943C9A5-AD3B-4B8A-9776-2A1F0A837B45}.Release|Any CPU.Build.0 = Release|Any CPU
		{0649EB20-F89E-45D2-9A2D-00EDA3814A92}.Debug|Any CPU.ActiveCfg = Debug|Any CPU
		{0649EB20-F89E-45D2-9A2D-00EDA3814A92}.Debug|Any CPU.Build.0 = Debug|Any CPU
		{0649EB20-F89E-45D2-9A2D-00EDA3814A92}.Release|Any CPU.ActiveCfg = Release|Any CPU
		{0649EB20-F89E-45D2-9A2D-00EDA3814A92}.Release|Any CPU.Build.0 = Release|Any CPU
		{EC995B9B-095B-408E-A89D-BD9465011D09}.Debug|Any CPU.ActiveCfg = Debug|Any CPU
		{EC995B9B-095B-408E-A89D-BD9465011D09}.Debug|Any CPU.Build.0 = Debug|Any CPU
		{EC995B9B-095B-408E-A89D-BD9465011D09}.Release|Any CPU.ActiveCfg = Release|Any CPU
		{EC995B9B-095B-408E-A89D-BD9465011D09}.Release|Any CPU.Build.0 = Release|Any CPU
		{0FEAE6CB-E861-4AD3-94A5-E552EC42951E}.Debug|Any CPU.ActiveCfg = Debug|Any CPU
		{0FEAE6CB-E861-4AD3-94A5-E552EC42951E}.Debug|Any CPU.Build.0 = Debug|Any CPU
		{0FEAE6CB-E861-4AD3-94A5-E552EC42951E}.Release|Any CPU.ActiveCfg = Release|Any CPU
		{0FEAE6CB-E861-4AD3-94A5-E552EC42951E}.Release|Any CPU.Build.0 = Release|Any CPU
		{40B5AAE6-7602-4D67-92C4-FCF8B6668C36}.Debug|Any CPU.ActiveCfg = Debug|Any CPU
		{40B5AAE6-7602-4D67-92C4-FCF8B6668C36}.Debug|Any CPU.Build.0 = Debug|Any CPU
		{40B5AAE6-7602-4D67-92C4-FCF8B6668C36}.Release|Any CPU.ActiveCfg = Release|Any CPU
		{40B5AAE6-7602-4D67-92C4-FCF8B6668C36}.Release|Any CPU.Build.0 = Release|Any CPU
		{12997F86-22F9-4D65-B018-D3A10AA5CDC1}.Debug|Any CPU.ActiveCfg = Debug|Any CPU
		{12997F86-22F9-4D65-B018-D3A10AA5CDC1}.Debug|Any CPU.Build.0 = Debug|Any CPU
		{12997F86-22F9-4D65-B018-D3A10AA5CDC1}.Release|Any CPU.ActiveCfg = Release|Any CPU
		{12997F86-22F9-4D65-B018-D3A10AA5CDC1}.Release|Any CPU.Build.0 = Release|Any CPU
		{2D9AF67B-0570-4694-B8FC-4AF3715B1076}.Debug|Any CPU.ActiveCfg = Debug|Any CPU
		{2D9AF67B-0570-4694-B8FC-4AF3715B1076}.Debug|Any CPU.Build.0 = Debug|Any CPU
		{2D9AF67B-0570-4694-B8FC-4AF3715B1076}.Release|Any CPU.ActiveCfg = Release|Any CPU
		{2D9AF67B-0570-4694-B8FC-4AF3715B1076}.Release|Any CPU.Build.0 = Release|Any CPU
	EndGlobalSection
	GlobalSection(SolutionProperties) = preSolution
		HideSolutionNode = FALSE
	EndGlobalSection
	GlobalSection(ExtensibilityGlobals) = postSolution
		SolutionGuid = {433E97C8-02F9-4A0E-B42E-54A4CE2EA2A6}
	EndGlobalSection
EndGlobal
